{
  "version": "5",
  "redirects": {
    "https://esm.sh/@supabase/supabase-js@2": "https://esm.sh/@supabase/supabase-js@2.84.0"
  },
  "remote": {
    "https://edge.netlify.com/": "fd941d61d88673d5f28aab283fb86fcc50f08a3bc80ee5470498fcfa88c65cfb",
    "https://edge.netlify.com/bootstrap/config.ts": "6a2ce0e544e15e8f8883a5c18da5948e37fd0f2619f68cb31f3af53c51817025",
    "https://edge.netlify.com/bootstrap/context.ts": "72496497b40d9e808f419efc764ecb438952a32f61ed94cd54952fc59f17f69d",
    "https://edge.netlify.com/bootstrap/cookie.ts": "8b0baae708989ca183c6f3b4ab3d029e6abcbc2e43f93edeb0ff447b3bbc3a05",
    "https://edge.netlify.com/bootstrap/edge_function.ts": "b8253e86aa83c67341f5cfedeba5049d77fbf84dcab7eceff7566b7728ae9b39",
    "https://edge.netlify.com/bootstrap/globals/types.ts": "eaa6148ded3121d8dee62dd91c86e7fe76601df0f3ca8d7962243a30f4c8935f",
    "https://esm.sh/@anthropic-ai/sdk@0.32.1": "43f5e6c693537da901fb26f7b36084f8081d66c3ef1223f8484d109ce4a25760",
    "https://esm.sh/@anthropic-ai/sdk@0.32.1/denonext/_shims/MultipartBody.mjs": "23ac1552eea88deb585b09ad5ee0f486685ab2c10579373d78f3bd2e429e3b8e",
    "https://esm.sh/@anthropic-ai/sdk@0.32.1/denonext/_shims/auto/runtime.mjs": "b76854845af8514b4e377204ad7a462d825560f4caf3665e74e265507e998a96",
    "https://esm.sh/@anthropic-ai/sdk@0.32.1/denonext/_shims/index.mjs": "fdc117347483d50f91f9083ca048f465d2943d161fca20a9f4e319acdc12c8d4",
    "https://esm.sh/@anthropic-ai/sdk@0.32.1/denonext/_shims/registry.mjs": "9315512983acbca921156402803e32ef506accd7c71dc727d22d21d0fcf5a13f",
    "https://esm.sh/@anthropic-ai/sdk@0.32.1/denonext/_shims/web-runtime.mjs": "66ba1379363d8f93a15e3a944d93342e1ade5397eaa3879276d1dd902454d73c",
    "https://esm.sh/@anthropic-ai/sdk@0.32.1/denonext/_vendor/partial-json-parser/parser.mjs": "cd3bfbae57ae5a138848c6720f3ed92bde04570757d08140047b8f492603b59f",
    "https://esm.sh/@anthropic-ai/sdk@0.32.1/denonext/core.mjs": "0df1a6c25231e68e230d8a9b03029af15a8f71133576301870ec4d9956769a58",
    "https://esm.sh/@anthropic-ai/sdk@0.32.1/denonext/error.mjs": "19a72fe3142613f7b834634c1302d515e95986bc4f430eace72f36a1361b6ffc",
    "https://esm.sh/@anthropic-ai/sdk@0.32.1/denonext/internal/decoders/jsonl.mjs": "0f47829bf1add2d727e8eaef10a67ee71d418a5ffd12d7380fc4d963de282b8b",
    "https://esm.sh/@anthropic-ai/sdk@0.32.1/denonext/internal/decoders/line.mjs": "bd7c62b6c64432dd1af324f6cf32c6aa1d0898008a8cec12c60b7ede98f44a05",
    "https://esm.sh/@anthropic-ai/sdk@0.32.1/denonext/lib/MessageStream.mjs": "1868b996658116e907b78c82b1bd4764330b154120471ad79d21cb29ce60c9b1",
    "https://esm.sh/@anthropic-ai/sdk@0.32.1/denonext/lib/PromptCachingBetaMessageStream.mjs": "98ec904e356a0a17009ff65863674e3b69240da94d9b56e0d482e17a615e76d0",
    "https://esm.sh/@anthropic-ai/sdk@0.32.1/denonext/pagination.mjs": "a1f9cb108d68c33b6da7ed3e78e734159a557eeb812105dedaba54ed6ce33819",
    "https://esm.sh/@anthropic-ai/sdk@0.32.1/denonext/resource.mjs": "49f8178d3f3cd1113051c70e0479f5029863c4606ffb67be4909bc494951c35d",
    "https://esm.sh/@anthropic-ai/sdk@0.32.1/denonext/resources/beta/beta.mjs": "701ab2091be896124d6981608873bb884950f4794f5a23901b12e24c1ebbbb4c",
    "https://esm.sh/@anthropic-ai/sdk@0.32.1/denonext/resources/beta/messages/batches.mjs": "da2ffbaaa8db2925703a0619ae7af1c3ea0d89c33177e0e8e207bdab7d15d6f5",
    "https://esm.sh/@anthropic-ai/sdk@0.32.1/denonext/resources/beta/messages/messages.mjs": "cfc974ecc84301053c5be76608c81a713662c6e6e2d607de875329f49ecd1980",
    "https://esm.sh/@anthropic-ai/sdk@0.32.1/denonext/resources/beta/prompt-caching/messages.mjs": "155abafc92de32f57c54fa4e550cffd717c10b8a94254b64a9e3024124cc13ac",
    "https://esm.sh/@anthropic-ai/sdk@0.32.1/denonext/resources/beta/prompt-caching/prompt-caching.mjs": "8e3d0de3ed21050fa5a084f938fff9bc2dc9897de4abb1e09bc1a6c4ec0fd36e",
    "https://esm.sh/@anthropic-ai/sdk@0.32.1/denonext/resources/completions.mjs": "84ef6c572c8c4d7e75baf6dea4ad67ac7034337c917c9be62eb512a3556f830c",
    "https://esm.sh/@anthropic-ai/sdk@0.32.1/denonext/resources/index.mjs": "57827569e4eee2cf04869b65e0a79615ce719482eda5f13a9378f337a5e3f9cf",
    "https://esm.sh/@anthropic-ai/sdk@0.32.1/denonext/resources/messages.mjs": "0fe34a9de25678ef1d349292298060bca2cca363090f8daa99912c804694ab3e",
    "https://esm.sh/@anthropic-ai/sdk@0.32.1/denonext/sdk.mjs": "43ac7b5ae75ca56fc9dcc5d4aa6167a45c8c6cd7fc23b83d45d48d4f248bd312",
    "https://esm.sh/@anthropic-ai/sdk@0.32.1/denonext/streaming.mjs": "10d69d2129a730f65c3a770a07fab81e9bb2c77d0f276b226e7f08961876c272",
    "https://esm.sh/@anthropic-ai/sdk@0.32.1/denonext/uploads.mjs": "9b801f8226e21fdacd344f004c79bd5b328d402f67b03b2d77568663870f6a12",
    "https://esm.sh/@anthropic-ai/sdk@0.32.1/denonext/version.mjs": "3fdf75e395135f55c0c4157b22ce5a15d2bd01dd4568210f68a060975aff87e2",
    "https://esm.sh/@supabase/auth-js@2.84.0/denonext/auth-js.mjs": "61e3b0ad4ad68e2aa3ce0bb83c1084caecc6899cdc9b9e4b230212f8e0c44615",
    "https://esm.sh/@supabase/functions-js@2.84.0/denonext/functions-js.mjs": "016355f24757e593e29ae3347332b30049a8f2f6b55bd7e7a2caf7a577696f85",
    "https://esm.sh/@supabase/postgrest-js@2.84.0/denonext/postgrest-js.mjs": "78de00f3fca3c53f81c5765d0b960e01718a0e1164728e60b835299542fbb0d2",
    "https://esm.sh/@supabase/realtime-js@2.84.0/denonext/realtime-js.mjs": "dccd1e457b9151c162ad84985eaa76075a59250cdd36c244872d14b80a55ed25",
    "https://esm.sh/@supabase/storage-js@2.84.0/denonext/storage-js.mjs": "ef21eb110d5b1c9586f6acaa2070706bd7b9f3799a8f14f262a36f85ee7bb13e",
    "https://esm.sh/@supabase/supabase-js@2.84.0": "4a536f134c4bae61c5ec9d2f849c0bafc40c7ee7e85ca61f075c016fab17a693",
    "https://esm.sh/@supabase/supabase-js@2.84.0/denonext/supabase-js.mjs": "78718e70577f3505e37b515ca7983ac61689864180b9e2cfb130486252919876",
    "https://esm.sh/tslib@2.8.1/denonext/tslib.mjs": "ebce3cd5facb654623020337f867b426ba95f71596ba87acc9e6c6f4e55905ca"
  },
  "workspace": {
    "packageJson": {
      "dependencies": [
        "npm:@anthropic-ai/sdk@0.68",
        "npm:@google/generative-ai@~0.24.1",
        "npm:@huggingface/inference@^4.13.3",
        "npm:@mistralai/mistralai@^1.10.0",
        "npm:@phosphor-icons/react@^2.1.10",
        "npm:@supabase/supabase-js@^2.76.1",
        "npm:@tailwindcss/typography@~0.5.19",
        "npm:@tailwindcss/vite@^4.1.17",
        "npm:@vitejs/plugin-react@4",
        "npm:autoprefixer@^10.4.22",
        "npm:dompurify@^3.3.0",
        "npm:dotenv@^17.2.3",
        "npm:marked@^16.4.1",
        "npm:openai@^4.104.0",
        "npm:postcss@^8.5.6",
        "npm:prettier@^3.6.2",
        "npm:react-dom@^18.2.0",
        "npm:react-markdown@^10.1.0",
        "npm:react-router-dom@^7.9.4",
        "npm:react@^18.2.0",
        "npm:recharts@^2.5.0",
        "npm:remark-gfm@^4.0.1",
        "npm:stylelint-config-standard@^39.0.1",
        "npm:stylelint@^16.26.0",
        "npm:tailwindcss@^4.1.17",
        "npm:vite@^5.4.21"
      ]
    }
  }
}
